
Microsoft Visual Studio Solution File, Format Version 12.00
# Visual Studio Version 17
VisualStudioVersion = 17.14.36623.8 d17.14
MinimumVisualStudioVersion = 10.0.40219.1
Project("{FAE04EC0-301F-11D3-BF4B-00C04F79EFBC}") = "GalleryMap", "GalleryMap\GalleryMap.csproj", "{91AFCC3E-1F7A-4F3B-AE97-7A12F562DCCA}"
EndProject
Global
	GlobalSection(SolutionConfigurationPlatforms) = preSolution
		Debug|Any CPU = Debug|Any CPU
		Release|Any CPU = Release|Any CPU
	EndGlobalSection
	GlobalSection(ProjectConfigurationPlatforms) = postSolution
		{91AFCC3E-1F7A-4F3B-AE97-7A12F562DCCA}.Debug|Any CPU.ActiveCfg = Debug|Any CPU
		{91AFCC3E-1F7A-4F3B-AE97-7A12F562DCCA}.Debug|Any CPU.Build.0 = Debug|Any CPU
		{91AFCC3E-1F7A-4F3B-AE97-7A12F562DCCA}.Release|Any CPU.ActiveCfg = Release|Any CPU
		{91AFCC3E-1F7A-4F3B-AE97-7A12F562DCCA}.Release|Any CPU.Build.0 = Release|Any CPU
	EndGlobalSection
	GlobalSection(SolutionProperties) = preSolution
		HideSolutionNode = FALSE
	EndGlobalSection
	GlobalSection(ExtensibilityGlobals) = postSolution
		SolutionGuid = {A36E0DA2-FA0C-44BF-98D0-CFC631DC7F04}
	EndGlobalSection
EndGlobal
